
Microsoft Visual Studio Solution File, Format Version 12.00
# Visual Studio Version 16
VisualStudioVersion = 16.0.28721.148
MinimumVisualStudioVersion = 10.0.40219.1
Project("{8BC9CEB8-8B4A-11D0-8D11-00A0C91BC942}") = "UNHash", "UNHash\UNHash.vcxproj", "{A6787494-EFEB-4A9D-8966-B50656088EF4}"
EndProject
Global
	GlobalSection(SolutionConfigurationPlatforms) = preSolution
		Debug|x64 = Debug|x64
		Debug|x86 = Debug|x86
		Release|x64 = Release|x64
		Release|x86 = Release|x86
	EndGlobalSection
	GlobalSection(ProjectConfigurationPlatforms) = postSolution
		{A6787494-EFEB-4A9D-8966-B50656088EF4}.Debug|x64.ActiveCfg = Debug|x64
		{A6787494-EFEB-4A9D-8966-B50656088EF4}.Debug|x64.Build.0 = Debug|x64
		{A6787494-EFEB-4A9D-8966-B50656088EF4}.Debug|x86.ActiveCfg = Debug|Win32
		{A6787494-EFEB-4A9D-8966-B50656088EF4}.Debug|x86.Build.0 = Debug|Win32
		{A6787494-EFEB-4A9D-8966-B50656088EF4}.Release|x64.ActiveCfg = Release|x64
		{A6787494-EFEB-4A9D-8966-B50656088EF4}.Release|x64.Build.0 = Release|x64
		{A6787494-EFEB-4A9D-8966-B50656088EF4}.Release|x86.ActiveCfg = Release|Win32
		{A6787494-EFEB-4A9D-8966-B50656088EF4}.Release|x86.Build.0 = Release|Win32
	EndGlobalSection
	GlobalSection(SolutionProperties) = preSolution
		HideSolutionNode = FALSE
	EndGlobalSection
	GlobalSection(ExtensibilityGlobals) = postSolution
		SolutionGuid = {952B405A-5F06-4CB9-A1FC-3889AB84D596}
	EndGlobalSection
EndGlobal
